// !$*UTF8*$!
{
	archiveVersion = 1;
	classes = {
	};
	objectVersion = 50;
	objects = {

/* Begin PBXBuildFile section */
		A13212AA20A2344B001AE0D1 /* Excitation.framework in Frameworks */ = {isa = PBXBuildFile; fileRef = A13212A020A2344B001AE0D1 /* Excitation.framework */; };
		A13212AF20A2344B001AE0D1 /* ExcitationTests.swift in Sources */ = {isa = PBXBuildFile; fileRef = A13212AE20A2344B001AE0D1 /* ExcitationTests.swift */; };
		A13212B120A2344B001AE0D1 /* Excitation.h in Headers */ = {isa = PBXBuildFile; fileRef = A13212A320A2344B001AE0D1 /* Excitation.h */; settings = {ATTRIBUTES = (Public, ); }; };
/* End PBXBuildFile section */

/* Begin PBXContainerItemProxy section */
		A13212AB20A2344B001AE0D1 /* PBXContainerItemProxy */ = {
			isa = PBXContainerItemProxy;
			containerPortal = A132129720A2344B001AE0D1 /* Project object */;
			proxyType = 1;
			remoteGlobalIDString = A132129F20A2344B001AE0D1;
			remoteInfo = Excitation;
		};
/* End PBXContainerItemProxy section */

/* Begin PBXFileReference section */
		A13212A020A2344B001AE0D1 /* Excitation.framework */ = {isa = PBXFileReference; explicitFileType = wrapper.framework; includeInIndex = 0; path = Excitation.framework; sourceTree = BUILT_PRODUCTS_DIR; };
		A13212A320A2344B001AE0D1 /* Excitation.h */ = {isa = PBXFileReference; lastKnownFileType = sourcecode.c.h; path = Excitation.h; sourceTree = "<group>"; };
		A13212A420A2344B001AE0D1 /* Info.plist */ = {isa = PBXFileReference; lastKnownFileType = text.plist.xml; path = Info.plist; sourceTree = "<group>"; };
		A13212A920A2344B001AE0D1 /* ExcitationTests.xctest */ = {isa = PBXFileReference; explicitFileType = wrapper.cfbundle; includeInIndex = 0; path = ExcitationTests.xctest; sourceTree = BUILT_PRODUCTS_DIR; };
		A13212AE20A2344B001AE0D1 /* ExcitationTests.swift */ = {isa = PBXFileReference; lastKnownFileType = sourcecode.swift; path = ExcitationTests.swift; sourceTree = "<group>"; };
		A13212B020A2344B001AE0D1 /* Info.plist */ = {isa = PBXFileReference; lastKnownFileType = text.plist.xml; path = Info.plist; sourceTree = "<group>"; };
/* End PBXFileReference section */

/* Begin PBXFrameworksBuildPhase section */
		A132129C20A2344B001AE0D1 /* Frameworks */ = {
			isa = PBXFrameworksBuildPhase;
			buildActionMask = 2147483647;
			files = (
			);
			runOnlyForDeploymentPostprocessing = 0;
		};
		A13212A620A2344B001AE0D1 /* Frameworks */ = {
			isa = PBXFrameworksBuildPhase;
			buildActionMask = 2147483647;
			files = (
				A13212AA20A2344B001AE0D1 /* Excitation.framework in Frameworks */,
			);
			runOnlyForDeploymentPostprocessing = 0;
		};
/* End PBXFrameworksBuildPhase section */

/* Begin PBXGroup section */
		A132129620A2344B001AE0D1 = {
			isa = PBXGroup;
			children = (
				A13212A220A2344B001AE0D1 /* Excitation */,
				A13212AD20A2344B001AE0D1 /* ExcitationTests */,
				A13212A120A2344B001AE0D1 /* Products */,
			);
			sourceTree = "<group>";
		};
		A13212A120A2344B001AE0D1 /* Products */ = {
			isa = PBXGroup;
			children = (
				A13212A020A2344B001AE0D1 /* Excitation.framework */,
				A13212A920A2344B001AE0D1 /* ExcitationTests.xctest */,
			);
			name = Products;
			sourceTree = "<group>";
		};
		A13212A220A2344B001AE0D1 /* Excitation */ = {
			isa = PBXGroup;
			children = (
				A13212A320A2344B001AE0D1 /* Excitation.h */,
				A13212A420A2344B001AE0D1 /* Info.plist */,
			);
			path = Excitation;
			sourceTree = "<group>";
		};
		A13212AD20A2344B001AE0D1 /* ExcitationTests */ = {
			isa = PBXGroup;
			children = (
				A13212AE20A2344B001AE0D1 /* ExcitationTests.swift */,
				A13212B020A2344B001AE0D1 /* Info.plist */,
			);
			path = ExcitationTests;
			sourceTree = "<group>";
		};
/* End PBXGroup section */

/* Begin PBXHeadersBuildPhase section */
		A132129D20A2344B001AE0D1 /* Headers */ = {
			isa = PBXHeadersBuildPhase;
			buildActionMask = 2147483647;
			files = (
				A13212B120A2344B001AE0D1 /* Excitation.h in Headers */,
			);
			runOnlyForDeploymentPostprocessing = 0;
		};
/* End PBXHeadersBuildPhase section */

/* Begin PBXNativeTarget section */
		A132129F20A2344B001AE0D1 /* Excitation */ = {
			isa = PBXNativeTarget;
			buildConfigurationList = A13212B420A2344B001AE0D1 /* Build configuration list for PBXNativeTarget "Excitation" */;
			buildPhases = (
				A132129B20A2344B001AE0D1 /* Sources */,
				A132129C20A2344B001AE0D1 /* Frameworks */,
				A132129D20A2344B001AE0D1 /* Headers */,
				A132129E20A2344B001AE0D1 /* Resources */,
			);
			buildRules = (
			);
			dependencies = (
			);
			name = Excitation;
			productName = Excitation;
			productReference = A13212A020A2344B001AE0D1 /* Excitation.framework */;
			productType = "com.apple.product-type.framework";
		};
		A13212A820A2344B001AE0D1 /* ExcitationTests */ = {
			isa = PBXNativeTarget;
			buildConfigurationList = A13212B720A2344B001AE0D1 /* Build configuration list for PBXNativeTarget "ExcitationTests" */;
			buildPhases = (
				A13212A520A2344B001AE0D1 /* Sources */,
				A13212A620A2344B001AE0D1 /* Frameworks */,
				A13212A720A2344B001AE0D1 /* Resources */,
			);
			buildRules = (
			);
			dependencies = (
				A13212AC20A2344B001AE0D1 /* PBXTargetDependency */,
			);
			name = ExcitationTests;
			productName = ExcitationTests;
			productReference = A13212A920A2344B001AE0D1 /* ExcitationTests.xctest */;
			productType = "com.apple.product-type.bundle.unit-test";
		};
/* End PBXNativeTarget section */

/* Begin PBXProject section */
		A132129720A2344B001AE0D1 /* Project object */ = {
			isa = PBXProject;
			attributes = {
				LastSwiftUpdateCheck = 0930;
				LastUpgradeCheck = 0930;
				ORGANIZATIONNAME = akiroz;
				TargetAttributes = {
					A132129F20A2344B001AE0D1 = {
						CreatedOnToolsVersion = 9.3;
					};
					A13212A820A2344B001AE0D1 = {
						CreatedOnToolsVersion = 9.3;
					};
				};
			};
			buildConfigurationList = A132129A20A2344B001AE0D1 /* Build configuration list for PBXProject "Excitation" */;
			compatibilityVersion = "Xcode 9.3";
			developmentRegion = en;
			hasScannedForEncodings = 0;
			knownRegions = (
				en,
			);
			mainGroup = A132129620A2344B001AE0D1;
			productRefGroup = A13212A120A2344B001AE0D1 /* Products */;
			projectDirPath = "";
			projectRoot = "";
			targets = (
				A132129F20A2344B001AE0D1 /* Excitation */,
				A13212A820A2344B001AE0D1 /* ExcitationTests */,
			);
		};
/* End PBXProject section */

/* Begin PBXResourcesBuildPhase section */
		A132129E20A2344B001AE0D1 /* Resources */ = {
			isa = PBXResourcesBuildPhase;
			buildActionMask = 2147483647;
			files = (
			);
			runOnlyForDeploymentPostprocessing = 0;
		};
		A13212A720A2344B001AE0D1 /* Resources */ = {
			isa = PBXResourcesBuildPhase;
			buildActionMask = 2147483647;
			files = (
			);
			runOnlyForDeploymentPostprocessing = 0;
		};
/* End PBXResourcesBuildPhase section */

/* Begin PBXSourcesBuildPhase section */
		A132129B20A2344B001AE0D1 /* Sources */ = {
			isa = PBXSourcesBuildPhase;
			buildActionMask = 2147483647;
			files = (
			);
			runOnlyForDeploymentPostprocessing = 0;
		};
		A13212A520A2344B001AE0D1 /* Sources */ = {
			isa = PBXSourcesBuildPhase;
			buildActionMask = 2147483647;
			files = (
				A13212AF20A2344B001AE0D1 /* ExcitationTests.swift in Sources */,
			);
			runOnlyForDeploymentPostprocessing = 0;
		};
/* End PBXSourcesBuildPhase section */

/* Begin PBXTargetDependency section */
		A13212AC20A2344B001AE0D1 /* PBXTargetDependency */ = {
			isa = PBXTargetDependency;
			target = A132129F20A2344B001AE0D1 /* Excitation */;
			targetProxy = A13212AB20A2344B001AE0D1 /* PBXContainerItemProxy */;
		};
/* End PBXTargetDependency section */

/* Begin XCBuildConfiguration section */
		A13212B220A2344B001AE0D1 /* Debug */ = {
			isa = XCBuildConfiguration;
			buildSettings = {
				ALWAYS_SEARCH_USER_PATHS = NO;
				CLANG_ANALYZER_NONNULL = YES;
				CLANG_ANALYZER_NUMBER_OBJECT_CONVERSION = YES_AGGRESSIVE;
				CLANG_CXX_LANGUAGE_STANDARD = "gnu++14";
				CLANG_CXX_LIBRARY = "libc++";
				CLANG_ENABLE_MODULES = YES;
				CLANG_ENABLE_OBJC_ARC = YES;
				CLANG_ENABLE_OBJC_WEAK = YES;
				CLANG_WARN_BLOCK_CAPTURE_AUTORELEASING = YES;
				CLANG_WARN_BOOL_CONVERSION = YES;
				CLANG_WARN_COMMA = YES;
				CLANG_WARN_CONSTANT_CONVERSION = YES;
				CLANG_WARN_DEPRECATED_OBJC_IMPLEMENTATIONS = YES;
				CLANG_WARN_DIRECT_OBJC_ISA_USAGE = YES_ERROR;
				CLANG_WARN_DOCUMENTATION_COMMENTS = YES;
				CLANG_WARN_EMPTY_BODY = YES;
				CLANG_WARN_ENUM_CONVERSION = YES;
				CLANG_WARN_INFINITE_RECURSION = YES;
				CLANG_WARN_INT_CONVERSION = YES;
				CLANG_WARN_NON_LITERAL_NULL_CONVERSION = YES;
				CLANG_WARN_OBJC_IMPLICIT_RETAIN_SELF = YES;
				CLANG_WARN_OBJC_LITERAL_CONVERSION = YES;
				CLANG_WARN_OBJC_ROOT_CLASS = YES_ERROR;
				CLANG_WARN_RANGE_LOOP_ANALYSIS = YES;
				CLANG_WARN_STRICT_PROTOTYPES = YES;
				CLANG_WARN_SUSPICIOUS_MOVE = YES;
				CLANG_WARN_UNGUARDED_AVAILABILITY = YES_AGGRESSIVE;
				CLANG_WARN_UNREACHABLE_CODE = YES;
				CLANG_WARN__DUPLICATE_METHOD_MATCH = YES;
				CODE_SIGN_IDENTITY = "iPhone Developer";
				COPY_PHASE_STRIP = NO;
				CURRENT_PROJECT_VERSION = 1;
				DEBUG_INFORMATION_FORMAT = dwarf;
				ENABLE_STRICT_OBJC_MSGSEND = YES;
				ENABLE_TESTABILITY = YES;
				GCC_C_LANGUAGE_STANDARD = gnu11;
				GCC_DYNAMIC_NO_PIC = NO;
				GCC_NO_COMMON_BLOCKS = YES;
				GCC_OPTIMIZATION_LEVEL = 0;
				GCC_PREPROCESSOR_DEFINITIONS = (
					"DEBUG=1",
					"$(inherited)",
				);
				GCC_WARN_64_TO_32_BIT_CONVERSION = YES;
				GCC_WARN_ABOUT_RETURN_TYPE = YES_ERROR;
				GCC_WARN_UNDECLARED_SELECTOR = YES;
				GCC_WARN_UNINITIALIZED_AUTOS = YES_AGGRESSIVE;
				GCC_WARN_UNUSED_FUNCTION = YES;
				GCC_WARN_UNUSED_VARIABLE = YES;
				IPHONEOS_DEPLOYMENT_TARGET = 11.3;
				MTL_ENABLE_DEBUG_INFO = YES;
				ONLY_ACTIVE_ARCH = YES;
				SDKROOT = iphoneos;
				SWIFT_ACTIVE_COMPILATION_CONDITIONS = DEBUG;
				SWIFT_OPTIMIZATION_LEVEL = "-Onone";
				VERSIONING_SYSTEM = "apple-generic";
				VERSION_INFO_PREFIX = "";
			};
			name = Debug;
		};
		A13212B320A2344B001AE0D1 /* Release */ = {
			isa = XCBuildConfiguration;
			buildSettings = {
				ALWAYS_SEARCH_USER_PATHS = NO;
				CLANG_ANALYZER_NONNULL = YES;
				CLANG_ANALYZER_NUMBER_OBJECT_CONVERSION = YES_AGGRESSIVE;
				CLANG_CXX_LANGUAGE_STANDARD = "gnu++14";
				CLANG_CXX_LIBRARY = "libc++";
				CLANG_ENABLE_MODULES = YES;
				CLANG_ENABLE_OBJC_ARC = YES;
				CLANG_ENABLE_OBJC_WEAK = YES;
				CLANG_WARN_BLOCK_CAPTURE_AUTORELEASING = YES;
				CLANG_WARN_BOOL_CONVERSION = YES;
				CLANG_WARN_COMMA = YES;
				CLANG_WARN_CONSTANT_CONVERSION = YES;
				CLANG_WARN_DEPRECATED_OBJC_IMPLEMENTATIONS = YES;
				CLANG_WARN_DIRECT_OBJC_ISA_USAGE = YES_ERROR;
				CLANG_WARN_DOCUMENTATION_COMMENTS = YES;
				CLANG_WARN_EMPTY_BODY = YES;
				CLANG_WARN_ENUM_CONVERSION = YES;
				CLANG_WARN_INFINITE_RECURSION = YES;
				CLANG_WARN_INT_CONVERSION = YES;
				CLANG_WARN_NON_LITERAL_NULL_CONVERSION = YES;
				CLANG_WARN_OBJC_IMPLICIT_RETAIN_SELF = YES;
				CLANG_WARN_OBJC_LITERAL_CONVERSION = YES;
				CLANG_WARN_OBJC_ROOT_CLASS = YES_ERROR;
				CLANG_WARN_RANGE_LOOP_ANALYSIS = YES;
				CLANG_WARN_STRICT_PROTOTYPES = YES;
				CLANG_WARN_SUSPICIOUS_MOVE = YES;
				CLANG_WARN_UNGUARDED_AVAILABILITY = YES_AGGRESSIVE;
				CLANG_WARN_UNREACHABLE_CODE = YES;
				CLANG_WARN__DUPLICATE_METHOD_MATCH = YES;
				CODE_SIGN_IDENTITY = "iPhone Developer";
				COPY_PHASE_STRIP = NO;
				CURRENT_PROJECT_VERSION = 1;
				DEBUG_INFORMATION_FORMAT = "dwarf-with-dsym";
				ENABLE_NS_ASSERTIONS = NO;
				ENABLE_STRICT_OBJC_MSGSEND = YES;
				GCC_C_LANGUAGE_STANDARD = gnu11;
				GCC_NO_COMMON_BLOCKS = YES;
				GCC_WARN_64_TO_32_BIT_CONVERSION = YES;
				GCC_WARN_ABOUT_RETURN_TYPE = YES_ERROR;
				GCC_WARN_UNDECLARED_SELECTOR = YES;
				GCC_WARN_UNINITIALIZED_AUTOS = YES_AGGRESSIVE;
				GCC_WARN_UNUSED_FUNCTION = YES;
				GCC_WARN_UNUSED_VARIABLE = YES;
				IPHONEOS_DEPLOYMENT_TARGET = 11.3;
				MTL_ENABLE_DEBUG_INFO = NO;
				SDKROOT = iphoneos;
				SWIFT_COMPILATION_MODE = wholemodule;
				SWIFT_OPTIMIZATION_LEVEL = "-O";
				VALIDATE_PRODUCT = YES;
				VERSIONING_SYSTEM = "apple-generic";
				VERSION_INFO_PREFIX = "";
			};
			name = Release;
		};
		A13212B520A2344B001AE0D1 /* Debug */ = {
			isa = XCBuildConfiguration;
			buildSettings = {
				CODE_SIGN_IDENTITY = "";
				CODE_SIGN_STYLE = Automatic;
				DEFINES_MODULE = YES;
				DEVELOPMENT_TEAM = 24DV2L94B2;
				DYLIB_COMPATIBILITY_VERSION = 1;
				DYLIB_CURRENT_VERSION = 1;
				DYLIB_INSTALL_NAME_BASE = "@rpath";
				INFOPLIST_FILE = Excitation/Info.plist;
				INSTALL_PATH = "$(LOCAL_LIBRARY_DIR)/Frameworks";
				LD_RUNPATH_SEARCH_PATHS = (
					"$(inherited)",
					"@executable_path/Frameworks",
					"@loader_path/Frameworks",
				);
				PRODUCT_BUNDLE_IDENTIFIER = akiroz.Excitation;
				PRODUCT_NAME = "$(TARGET_NAME:c99extidentifier)";
				SKIP_INSTALL = YES;
				SWIFT_VERSION = 4.0;
				TARGETED_DEVICE_FAMILY = "1,2";
			};
			name = Debug;
		};
		A13212B620A2344B001AE0D1 /* Release */ = {
			isa = XCBuildConfiguration;
			buildSettings = {
				CODE_SIGN_IDENTITY = "";
				CODE_SIGN_STYLE = Automatic;
				DEFINES_MODULE = YES;
				DEVELOPMENT_TEAM = 24DV2L94B2;
				DYLIB_COMPATIBILITY_VERSION = 1;
				DYLIB_CURRENT_VERSION = 1;
				DYLIB_INSTALL_NAME_BASE = "@rpath";
				INFOPLIST_FILE = Excitation/Info.plist;
				INSTALL_PATH = "$(LOCAL_LIBRARY_DIR)/Frameworks";
				LD_RUNPATH_SEARCH_PATHS = (
					"$(inherited)",
					"@executable_path/Frameworks",
					"@loader_path/Frameworks",
				);
				PRODUCT_BUNDLE_IDENTIFIER = akiroz.Excitation;
				PRODUCT_NAME = "$(TARGET_NAME:c99extidentifier)";
				SKIP_INSTALL = YES;
				SWIFT_VERSION = 4.0;
				TARGETED_DEVICE_FAMILY = "1,2";
			};
			name = Release;
		};
		A13212B820A2344B001AE0D1 /* Debug */ = {
			isa = XCBuildConfiguration;
			buildSettings = {
				CODE_SIGN_STYLE = Automatic;
				DEVELOPMENT_TEAM = 24DV2L94B2;
				INFOPLIST_FILE = ExcitationTests/Info.plist;
				LD_RUNPATH_SEARCH_PATHS = (
					"$(inherited)",
					"@executable_path/Frameworks",
					"@loader_path/Frameworks",
				);
				PRODUCT_BUNDLE_IDENTIFIER = akiroz.ExcitationTests;
				PRODUCT_NAME = "$(TARGET_NAME)";
				SWIFT_VERSION = 4.0;
				TARGETED_DEVICE_FAMILY = "1,2";
			};
			name = Debug;
		};
		A13212B920A2344B001AE0D1 /* Release */ = {
			isa = XCBuildConfiguration;
			buildSettings = {
				CODE_SIGN_STYLE = Automatic;
				DEVELOPMENT_TEAM = 24DV2L94B2;
				INFOPLIST_FILE = ExcitationTests/Info.plist;
				LD_RUNPATH_SEARCH_PATHS = (
					"$(inherited)",
					"@executable_path/Frameworks",
					"@loader_path/Frameworks",
				);
				PRODUCT_BUNDLE_IDENTIFIER = akiroz.ExcitationTests;
				PRODUCT_NAME = "$(TARGET_NAME)";
				SWIFT_VERSION = 4.0;
				TARGETED_DEVICE_FAMILY = "1,2";
			};
			name = Release;
		};
/* End XCBuildConfiguration section */

/* Begin XCConfigurationList section */
		A132129A20A2344B001AE0D1 /* Build configuration list for PBXProject "Excitation" */ = {
			isa = XCConfigurationList;
			buildConfigurations = (
				A13212B220A2344B001AE0D1 /* Debug */,
				A13212B320A2344B001AE0D1 /* Release */,
			);
			defaultConfigurationIsVisible = 0;
			defaultConfigurationName = Release;
		};
		A13212B420A2344B001AE0D1 /* Build configuration list for PBXNativeTarget "Excitation" */ = {
			isa = XCConfigurationList;
			buildConfigurations = (
				A13212B520A2344B001AE0D1 /* Debug */,
				A13212B620A2344B001AE0D1 /* Release */,
			);
			defaultConfigurationIsVisible = 0;
			defaultConfigurationName = Release;
		};
		A13212B720A2344B001AE0D1 /* Build configuration list for PBXNativeTarget "ExcitationTests" */ = {
			isa = XCConfigurationList;
			buildConfigurations = (
				A13212B820A2344B001AE0D1 /* Debug */,
				A13212B920A2344B001AE0D1 /* Release */,
			);
			defaultConfigurationIsVisible = 0;
			defaultConfigurationName = Release;
		};
/* End XCConfigurationList section */
	};
	rootObject = A132129720A2344B001AE0D1 /* Project object */;
}
